// !$*UTF8*$!
{
	archiveVersion = 1;
	classes = {
	};
	objectVersion = 46;
	objects = {

/* Begin PBXBuildFile section */
		3109C2D2147DE8190035A276 /* Foundation.framework in Frameworks */ = {isa = PBXBuildFile; fileRef = 31B1BD37147CA92A00C6B32F /* Foundation.framework */; };
		3109C2D5147DE8190035A276 /* main.m in Sources */ = {isa = PBXBuildFile; fileRef = 3109C2D4147DE8190035A276 /* main.m */; };
		3109C2DE147DE8860035A276 /* libtiming.a in Frameworks */ = {isa = PBXBuildFile; fileRef = 31B1BD34147CA92A00C6B32F /* libtiming.a */; };
		31B1BD38147CA92A00C6B32F /* Foundation.framework in Frameworks */ = {isa = PBXBuildFile; fileRef = 31B1BD37147CA92A00C6B32F /* Foundation.framework */; };
		31B1BD3E147CA92A00C6B32F /* libtiming.m in Sources */ = {isa = PBXBuildFile; fileRef = 31B1BD3D147CA92A00C6B32F /* libtiming.m */; };
		31B1BD46147CA92A00C6B32F /* SenTestingKit.framework in Frameworks */ = {isa = PBXBuildFile; fileRef = 31B1BD45147CA92A00C6B32F /* SenTestingKit.framework */; };
		31B1BD49147CA92A00C6B32F /* Foundation.framework in Frameworks */ = {isa = PBXBuildFile; fileRef = 31B1BD37147CA92A00C6B32F /* Foundation.framework */; };
		31B1BD4C147CA92A00C6B32F /* libtiming.a in Frameworks */ = {isa = PBXBuildFile; fileRef = 31B1BD34147CA92A00C6B32F /* libtiming.a */; };
		31B1BD52147CA92A00C6B32F /* InfoPlist.strings in Resources */ = {isa = PBXBuildFile; fileRef = 31B1BD50147CA92A00C6B32F /* InfoPlist.strings */; };
		31B1BD5F147CAAF200C6B32F /* Warnings.xcconfig in Resources */ = {isa = PBXBuildFile; fileRef = 31B1BD5E147CAAF200C6B32F /* Warnings.xcconfig */; };
		31B1BD63147CB1D800C6B32F /* PRHTimingBlockRecord.h in Headers */ = {isa = PBXBuildFile; fileRef = 31B1BD61147CB1D800C6B32F /* PRHTimingBlockRecord.h */; };
		31B1BD64147CB1D800C6B32F /* PRHTimingBlockRecord.m in Sources */ = {isa = PBXBuildFile; fileRef = 31B1BD62147CB1D800C6B32F /* PRHTimingBlockRecord.m */; };
		31B1BD65147CB1D800C6B32F /* PRHTimingBlockRecord.m in Sources */ = {isa = PBXBuildFile; fileRef = 31B1BD62147CB1D800C6B32F /* PRHTimingBlockRecord.m */; };
		31B1BD68147CF1AF00C6B32F /* PRHAbsoluteTimeToNanoseconds.h in Headers */ = {isa = PBXBuildFile; fileRef = 31B1BD66147CF1AF00C6B32F /* PRHAbsoluteTimeToNanoseconds.h */; };
		31B1BD69147CF1AF00C6B32F /* PRHAbsoluteTimeToNanoseconds.m in Sources */ = {isa = PBXBuildFile; fileRef = 31B1BD67147CF1AF00C6B32F /* PRHAbsoluteTimeToNanoseconds.m */; };
		31B1BD6A147CF1AF00C6B32F /* PRHAbsoluteTimeToNanoseconds.m in Sources */ = {isa = PBXBuildFile; fileRef = 31B1BD67147CF1AF00C6B32F /* PRHAbsoluteTimeToNanoseconds.m */; };
		31B1BD6D147CF39000C6B32F /* TestAbsoluteTimeConversions.h in Headers */ = {isa = PBXBuildFile; fileRef = 31B1BD6B147CF39000C6B32F /* TestAbsoluteTimeConversions.h */; };
		31B1BD6F147CF39000C6B32F /* TestAbsoluteTimeConversions.m in Sources */ = {isa = PBXBuildFile; fileRef = 31B1BD6C147CF39000C6B32F /* TestAbsoluteTimeConversions.m */; };
/* End PBXBuildFile section */

/* Begin PBXContainerItemProxy section */
		3109C2DF147DEAA10035A276 /* PBXContainerItemProxy */ = {
			isa = PBXContainerItemProxy;
			containerPortal = 31B1BD2B147CA92A00C6B32F /* Project object */;
			proxyType = 1;
			remoteGlobalIDString = 31B1BD33147CA92A00C6B32F;
			remoteInfo = libtiming;
		};
		31B1BD4A147CA92A00C6B32F /* PBXContainerItemProxy */ = {
			isa = PBXContainerItemProxy;
			containerPortal = 31B1BD2B147CA92A00C6B32F /* Project object */;
			proxyType = 1;
			remoteGlobalIDString = 31B1BD33147CA92A00C6B32F;
			remoteInfo = libtiming;
		};
/* End PBXContainerItemProxy section */

/* Begin PBXCopyFilesBuildPhase section */
		3109C2CE147DE8190035A276 /* CopyFiles */ = {
			isa = PBXCopyFilesBuildPhase;
			buildActionMask = 2147483647;
			dstPath = /usr/share/man/man1/;
			dstSubfolderSpec = 0;
			files = (
			);
			runOnlyForDeploymentPostprocessing = 1;
		};
/* End PBXCopyFilesBuildPhase section */

/* Begin PBXFileReference section */
		3109C2D0147DE8190035A276 /* mathtiming */ = {isa = PBXFileReference; explicitFileType = "compiled.mach-o.executable"; includeInIndex = 0; path = mathtiming; sourceTree = BUILT_PRODUCTS_DIR; };
		3109C2D4147DE8190035A276 /* main.m */ = {isa = PBXFileReference; lastKnownFileType = sourcecode.c.objc; path = main.m; sourceTree = "<group>"; };
		3109C2D7147DE8190035A276 /* mathtiming-Prefix.pch */ = {isa = PBXFileReference; lastKnownFileType = sourcecode.c.h; path = "mathtiming-Prefix.pch"; sourceTree = "<group>"; };
		31B1BD34147CA92A00C6B32F /* libtiming.a */ = {isa = PBXFileReference; explicitFileType = archive.ar; includeInIndex = 0; path = libtiming.a; sourceTree = BUILT_PRODUCTS_DIR; };
		31B1BD37147CA92A00C6B32F /* Foundation.framework */ = {isa = PBXFileReference; lastKnownFileType = wrapper.framework; name = Foundation.framework; path = System/Library/Frameworks/Foundation.framework; sourceTree = SDKROOT; };
		31B1BD3B147CA92A00C6B32F /* libtiming-Prefix.pch */ = {isa = PBXFileReference; lastKnownFileType = sourcecode.c.h; path = "libtiming-Prefix.pch"; sourceTree = "<group>"; };
		31B1BD3C147CA92A00C6B32F /* libtiming.h */ = {isa = PBXFileReference; lastKnownFileType = sourcecode.c.h; path = libtiming.h; sourceTree = "<group>"; };
		31B1BD3D147CA92A00C6B32F /* libtiming.m */ = {isa = PBXFileReference; lastKnownFileType = sourcecode.c.objc; path = libtiming.m; sourceTree = "<group>"; };
		31B1BD44147CA92A00C6B32F /* libtimingTests.octest */ = {isa = PBXFileReference; explicitFileType = wrapper.cfbundle; includeInIndex = 0; path = libtimingTests.octest; sourceTree = BUILT_PRODUCTS_DIR; };
		31B1BD45147CA92A00C6B32F /* SenTestingKit.framework */ = {isa = PBXFileReference; lastKnownFileType = wrapper.framework; name = SenTestingKit.framework; path = Library/Frameworks/SenTestingKit.framework; sourceTree = DEVELOPER_DIR; };
		31B1BD4F147CA92A00C6B32F /* libtimingTests-Info.plist */ = {isa = PBXFileReference; lastKnownFileType = text.plist.xml; path = "libtimingTests-Info.plist"; sourceTree = "<group>"; };
		31B1BD51147CA92A00C6B32F /* en */ = {isa = PBXFileReference; lastKnownFileType = text.plist.strings; name = en; path = en.lproj/InfoPlist.strings; sourceTree = "<group>"; };
		31B1BD5E147CAAF200C6B32F /* Warnings.xcconfig */ = {isa = PBXFileReference; fileEncoding = 4; lastKnownFileType = text.xcconfig; path = Warnings.xcconfig; sourceTree = "<group>"; };
		31B1BD61147CB1D800C6B32F /* PRHTimingBlockRecord.h */ = {isa = PBXFileReference; fileEncoding = 4; lastKnownFileType = sourcecode.c.h; path = PRHTimingBlockRecord.h; sourceTree = "<group>"; };
		31B1BD62147CB1D800C6B32F /* PRHTimingBlockRecord.m */ = {isa = PBXFileReference; fileEncoding = 4; lastKnownFileType = sourcecode.c.objc; path = PRHTimingBlockRecord.m; sourceTree = "<group>"; };
		31B1BD66147CF1AF00C6B32F /* PRHAbsoluteTimeToNanoseconds.h */ = {isa = PBXFileReference; fileEncoding = 4; lastKnownFileType = sourcecode.c.h; path = PRHAbsoluteTimeToNanoseconds.h; sourceTree = "<group>"; };
		31B1BD67147CF1AF00C6B32F /* PRHAbsoluteTimeToNanoseconds.m */ = {isa = PBXFileReference; fileEncoding = 4; lastKnownFileType = sourcecode.c.objc; path = PRHAbsoluteTimeToNanoseconds.m; sourceTree = "<group>"; };
		31B1BD6B147CF39000C6B32F /* TestAbsoluteTimeConversions.h */ = {isa = PBXFileReference; fileEncoding = 4; lastKnownFileType = sourcecode.c.h; path = TestAbsoluteTimeConversions.h; sourceTree = "<group>"; };
		31B1BD6C147CF39000C6B32F /* TestAbsoluteTimeConversions.m */ = {isa = PBXFileReference; fileEncoding = 4; lastKnownFileType = sourcecode.c.objc; path = TestAbsoluteTimeConversions.m; sourceTree = "<group>"; };
/* End PBXFileReference section */

/* Begin PBXFrameworksBuildPhase section */
		3109C2CD147DE8190035A276 /* Frameworks */ = {
			isa = PBXFrameworksBuildPhase;
			buildActionMask = 2147483647;
			files = (
				3109C2D2147DE8190035A276 /* Foundation.framework in Frameworks */,
				3109C2DE147DE8860035A276 /* libtiming.a in Frameworks */,
			);
			runOnlyForDeploymentPostprocessing = 0;
		};
		31B1BD31147CA92A00C6B32F /* Frameworks */ = {
			isa = PBXFrameworksBuildPhase;
			buildActionMask = 2147483647;
			files = (
				31B1BD38147CA92A00C6B32F /* Foundation.framework in Frameworks */,
			);
			runOnlyForDeploymentPostprocessing = 0;
		};
		31B1BD40147CA92A00C6B32F /* Frameworks */ = {
			isa = PBXFrameworksBuildPhase;
			buildActionMask = 2147483647;
			files = (
				31B1BD46147CA92A00C6B32F /* SenTestingKit.framework in Frameworks */,
				31B1BD49147CA92A00C6B32F /* Foundation.framework in Frameworks */,
				31B1BD4C147CA92A00C6B32F /* libtiming.a in Frameworks */,
			);
			runOnlyForDeploymentPostprocessing = 0;
		};
/* End PBXFrameworksBuildPhase section */

/* Begin PBXGroup section */
		3109C2D3147DE8190035A276 /* mathtiming */ = {
			isa = PBXGroup;
			children = (
				3109C2D4147DE8190035A276 /* main.m */,
				3109C2D6147DE8190035A276 /* Supporting Files */,
			);
			path = mathtiming;
			sourceTree = "<group>";
		};
		3109C2D6147DE8190035A276 /* Supporting Files */ = {
			isa = PBXGroup;
			children = (
				3109C2D7147DE8190035A276 /* mathtiming-Prefix.pch */,
			);
			name = "Supporting Files";
			sourceTree = "<group>";
		};
		31B1BD29147CA92A00C6B32F = {
			isa = PBXGroup;
			children = (
				31B1BD39147CA92A00C6B32F /* libtiming */,
				31B1BD4D147CA92A00C6B32F /* libtimingTests */,
				3109C2D3147DE8190035A276 /* mathtiming */,
				31B1BD36147CA92A00C6B32F /* Frameworks */,
				31B1BD35147CA92A00C6B32F /* Products */,
			);
			sourceTree = "<group>";
		};
		31B1BD35147CA92A00C6B32F /* Products */ = {
			isa = PBXGroup;
			children = (
				31B1BD34147CA92A00C6B32F /* libtiming.a */,
				31B1BD44147CA92A00C6B32F /* libtimingTests.octest */,
				3109C2D0147DE8190035A276 /* mathtiming */,
			);
			name = Products;
			sourceTree = "<group>";
		};
		31B1BD36147CA92A00C6B32F /* Frameworks */ = {
			isa = PBXGroup;
			children = (
				31B1BD37147CA92A00C6B32F /* Foundation.framework */,
				31B1BD45147CA92A00C6B32F /* SenTestingKit.framework */,
			);
			name = Frameworks;
			sourceTree = "<group>";
		};
		31B1BD39147CA92A00C6B32F /* libtiming */ = {
			isa = PBXGroup;
			children = (
				31B1BD60147CB1B800C6B32F /* Public Headers */,
				31B1BD3D147CA92A00C6B32F /* libtiming.m */,
				31B1BD61147CB1D800C6B32F /* PRHTimingBlockRecord.h */,
				31B1BD62147CB1D800C6B32F /* PRHTimingBlockRecord.m */,
				31B1BD66147CF1AF00C6B32F /* PRHAbsoluteTimeToNanoseconds.h */,
				31B1BD67147CF1AF00C6B32F /* PRHAbsoluteTimeToNanoseconds.m */,
				31B1BD3A147CA92A00C6B32F /* Supporting Files */,
			);
			path = libtiming;
			sourceTree = "<group>";
		};
		31B1BD3A147CA92A00C6B32F /* Supporting Files */ = {
			isa = PBXGroup;
			children = (
				31B1BD5E147CAAF200C6B32F /* Warnings.xcconfig */,
				31B1BD3B147CA92A00C6B32F /* libtiming-Prefix.pch */,
			);
			name = "Supporting Files";
			sourceTree = "<group>";
		};
		31B1BD4D147CA92A00C6B32F /* libtimingTests */ = {
			isa = PBXGroup;
			children = (
				31B1BD6B147CF39000C6B32F /* TestAbsoluteTimeConversions.h */,
				31B1BD6C147CF39000C6B32F /* TestAbsoluteTimeConversions.m */,
				31B1BD4E147CA92A00C6B32F /* Supporting Files */,
			);
			path = libtimingTests;
			sourceTree = "<group>";
		};
		31B1BD4E147CA92A00C6B32F /* Supporting Files */ = {
			isa = PBXGroup;
			children = (
				31B1BD4F147CA92A00C6B32F /* libtimingTests-Info.plist */,
				31B1BD50147CA92A00C6B32F /* InfoPlist.strings */,
			);
			name = "Supporting Files";
			sourceTree = "<group>";
		};
		31B1BD60147CB1B800C6B32F /* Public Headers */ = {
			isa = PBXGroup;
			children = (
				31B1BD3C147CA92A00C6B32F /* libtiming.h */,
			);
			name = "Public Headers";
			sourceTree = "<group>";
		};
/* End PBXGroup section */

/* Begin PBXHeadersBuildPhase section */
		31B1BD32147CA92A00C6B32F /* Headers */ = {
			isa = PBXHeadersBuildPhase;
			buildActionMask = 2147483647;
			files = (
				31B1BD63147CB1D800C6B32F /* PRHTimingBlockRecord.h in Headers */,
				31B1BD68147CF1AF00C6B32F /* PRHAbsoluteTimeToNanoseconds.h in Headers */,
				31B1BD6D147CF39000C6B32F /* TestAbsoluteTimeConversions.h in Headers */,
			);
			runOnlyForDeploymentPostprocessing = 0;
		};
/* End PBXHeadersBuildPhase section */

/* Begin PBXNativeTarget section */
		3109C2CF147DE8190035A276 /* mathtiming */ = {
			isa = PBXNativeTarget;
			buildConfigurationList = 3109C2DC147DE8190035A276 /* Build configuration list for PBXNativeTarget "mathtiming" */;
			buildPhases = (
				3109C2CC147DE8190035A276 /* Sources */,
				3109C2CD147DE8190035A276 /* Frameworks */,
				3109C2CE147DE8190035A276 /* CopyFiles */,
			);
			buildRules = (
			);
			dependencies = (
				3109C2E0147DEAA10035A276 /* PBXTargetDependency */,
			);
			name = mathtiming;
			productName = mathtiming;
			productReference = 3109C2D0147DE8190035A276 /* mathtiming */;
			productType = "com.apple.product-type.tool";
		};
		31B1BD33147CA92A00C6B32F /* libtiming */ = {
			isa = PBXNativeTarget;
			buildConfigurationList = 31B1BD58147CA92A00C6B32F /* Build configuration list for PBXNativeTarget "libtiming" */;
			buildPhases = (
				31B1BD30147CA92A00C6B32F /* Sources */,
				31B1BD31147CA92A00C6B32F /* Frameworks */,
				31B1BD32147CA92A00C6B32F /* Headers */,
			);
			buildRules = (
			);
			dependencies = (
			);
			name = libtiming;
			productName = libtiming;
			productReference = 31B1BD34147CA92A00C6B32F /* libtiming.a */;
			productType = "com.apple.product-type.library.static";
		};
		31B1BD43147CA92A00C6B32F /* libtimingTests */ = {
			isa = PBXNativeTarget;
			buildConfigurationList = 31B1BD5B147CA92A00C6B32F /* Build configuration list for PBXNativeTarget "libtimingTests" */;
			buildPhases = (
				31B1BD3F147CA92A00C6B32F /* Sources */,
				31B1BD40147CA92A00C6B32F /* Frameworks */,
				31B1BD41147CA92A00C6B32F /* Resources */,
				31B1BD42147CA92A00C6B32F /* ShellScript */,
			);
			buildRules = (
			);
			dependencies = (
				31B1BD4B147CA92A00C6B32F /* PBXTargetDependency */,
			);
			name = libtimingTests;
			productName = libtimingTests;
			productReference = 31B1BD44147CA92A00C6B32F /* libtimingTests.octest */;
			productType = "com.apple.product-type.bundle";
		};
/* End PBXNativeTarget section */

/* Begin PBXProject section */
		31B1BD2B147CA92A00C6B32F /* Project object */ = {
			isa = PBXProject;
			attributes = {
				LastUpgradeCheck = 0420;
			};
			buildConfigurationList = 31B1BD2E147CA92A00C6B32F /* Build configuration list for PBXProject "libtiming" */;
			compatibilityVersion = "Xcode 3.2";
			developmentRegion = English;
			hasScannedForEncodings = 0;
			knownRegions = (
				en,
			);
			mainGroup = 31B1BD29147CA92A00C6B32F;
			productRefGroup = 31B1BD35147CA92A00C6B32F /* Products */;
			projectDirPath = "";
			projectRoot = "";
			targets = (
				31B1BD33147CA92A00C6B32F /* libtiming */,
				31B1BD43147CA92A00C6B32F /* libtimingTests */,
				3109C2CF147DE8190035A276 /* mathtiming */,
			);
		};
/* End PBXProject section */

/* Begin PBXResourcesBuildPhase section */
		31B1BD41147CA92A00C6B32F /* Resources */ = {
			isa = PBXResourcesBuildPhase;
			buildActionMask = 2147483647;
			files = (
				31B1BD52147CA92A00C6B32F /* InfoPlist.strings in Resources */,
				31B1BD5F147CAAF200C6B32F /* Warnings.xcconfig in Resources */,
			);
			runOnlyForDeploymentPostprocessing = 0;
		};
/* End PBXResourcesBuildPhase section */

/* Begin PBXShellScriptBuildPhase section */
		31B1BD42147CA92A00C6B32F /* ShellScript */ = {
			isa = PBXShellScriptBuildPhase;
			buildActionMask = 2147483647;
			files = (
			);
			inputPaths = (
			);
			outputPaths = (
			);
			runOnlyForDeploymentPostprocessing = 0;
			shellPath = /bin/sh;
			shellScript = "# Run the unit tests in this test bundle.\n\"${SYSTEM_DEVELOPER_DIR}/Tools/RunUnitTests\"\n";
		};
/* End PBXShellScriptBuildPhase section */

/* Begin PBXSourcesBuildPhase section */
		3109C2CC147DE8190035A276 /* Sources */ = {
			isa = PBXSourcesBuildPhase;
			buildActionMask = 2147483647;
			files = (
				3109C2D5147DE8190035A276 /* main.m in Sources */,
			);
			runOnlyForDeploymentPostprocessing = 0;
		};
		31B1BD30147CA92A00C6B32F /* Sources */ = {
			isa = PBXSourcesBuildPhase;
			buildActionMask = 2147483647;
			files = (
				31B1BD3E147CA92A00C6B32F /* libtiming.m in Sources */,
				31B1BD64147CB1D800C6B32F /* PRHTimingBlockRecord.m in Sources */,
				31B1BD69147CF1AF00C6B32F /* PRHAbsoluteTimeToNanoseconds.m in Sources */,
			);
			runOnlyForDeploymentPostprocessing = 0;
		};
		31B1BD3F147CA92A00C6B32F /* Sources */ = {
			isa = PBXSourcesBuildPhase;
			buildActionMask = 2147483647;
			files = (
				31B1BD65147CB1D800C6B32F /* PRHTimingBlockRecord.m in Sources */,
				31B1BD6A147CF1AF00C6B32F /* PRHAbsoluteTimeToNanoseconds.m in Sources */,
				31B1BD6F147CF39000C6B32F /* TestAbsoluteTimeConversions.m in Sources */,
			);
			runOnlyForDeploymentPostprocessing = 0;
		};
/* End PBXSourcesBuildPhase section */

/* Begin PBXTargetDependency section */
		3109C2E0147DEAA10035A276 /* PBXTargetDependency */ = {
			isa = PBXTargetDependency;
			target = 31B1BD33147CA92A00C6B32F /* libtiming */;
			targetProxy = 3109C2DF147DEAA10035A276 /* PBXContainerItemProxy */;
		};
		31B1BD4B147CA92A00C6B32F /* PBXTargetDependency */ = {
			isa = PBXTargetDependency;
			target = 31B1BD33147CA92A00C6B32F /* libtiming */;
			targetProxy = 31B1BD4A147CA92A00C6B32F /* PBXContainerItemProxy */;
		};
/* End PBXTargetDependency section */

/* Begin PBXVariantGroup section */
		31B1BD50147CA92A00C6B32F /* InfoPlist.strings */ = {
			isa = PBXVariantGroup;
			children = (
				31B1BD51147CA92A00C6B32F /* en */,
			);
			name = InfoPlist.strings;
			sourceTree = "<group>";
		};
/* End PBXVariantGroup section */

/* Begin XCBuildConfiguration section */
		3109C2DA147DE8190035A276 /* Debug */ = {
			isa = XCBuildConfiguration;
			buildSettings = {
				GCC_ENABLE_OBJC_EXCEPTIONS = YES;
				GCC_PRECOMPILE_PREFIX_HEADER = YES;
				GCC_PREFIX_HEADER = "mathtiming/mathtiming-Prefix.pch";
				GCC_WARN_64_TO_32_BIT_CONVERSION = YES;
				MACOSX_DEPLOYMENT_TARGET = 10.7;
				ONLY_ACTIVE_ARCH = YES;
				PRODUCT_NAME = "$(TARGET_NAME)";
				SDKROOT = macosx;
			};
			name = Debug;
		};
		3109C2DB147DE8190035A276 /* Release */ = {
			isa = XCBuildConfiguration;
			buildSettings = {
				DEBUG_INFORMATION_FORMAT = "dwarf-with-dsym";
				GCC_ENABLE_OBJC_EXCEPTIONS = YES;
				GCC_PRECOMPILE_PREFIX_HEADER = YES;
				GCC_PREFIX_HEADER = "mathtiming/mathtiming-Prefix.pch";
				GCC_WARN_64_TO_32_BIT_CONVERSION = YES;
				MACOSX_DEPLOYMENT_TARGET = 10.7;
				PRODUCT_NAME = "$(TARGET_NAME)";
				SDKROOT = macosx;
			};
			name = Release;
		};
		31B1BD56147CA92A00C6B32F /* Debug */ = {
			isa = XCBuildConfiguration;
			buildSettings = {
				ALWAYS_SEARCH_USER_PATHS = NO;
				ARCHS = "$(ARCHS_STANDARD_64_BIT)";
				CLANG_ENABLE_OBJC_ARC = YES;
				COPY_PHASE_STRIP = NO;
				GCC_C_LANGUAGE_STANDARD = gnu99;
				GCC_DYNAMIC_NO_PIC = NO;
				GCC_OPTIMIZATION_LEVEL = 0;
				GCC_PREPROCESSOR_DEFINITIONS = (
					"DEBUG=1",
					"$(inherited)",
				);
				GCC_SYMBOLS_PRIVATE_EXTERN = NO;
				GCC_VERSION = com.apple.compilers.llvm.clang.1_0;
				GCC_WARN_ABOUT_MISSING_PROTOTYPES = YES;
				GCC_WARN_ABOUT_RETURN_TYPE = YES;
				GCC_WARN_UNUSED_VARIABLE = YES;
				IPHONEOS_DEPLOYMENT_TARGET = 5.0;
				SDKROOT = macosx10.7;
			};
			name = Debug;
		};
		31B1BD57147CA92A00C6B32F /* Release */ = {
			isa = XCBuildConfiguration;
			buildSettings = {
				ALWAYS_SEARCH_USER_PATHS = NO;
				ARCHS = "$(ARCHS_STANDARD_64_BIT)";
				CLANG_ENABLE_OBJC_ARC = YES;
				COPY_PHASE_STRIP = YES;
				GCC_C_LANGUAGE_STANDARD = gnu99;
				GCC_VERSION = com.apple.compilers.llvm.clang.1_0;
				GCC_WARN_ABOUT_MISSING_PROTOTYPES = YES;
				GCC_WARN_ABOUT_RETURN_TYPE = YES;
				GCC_WARN_UNUSED_VARIABLE = YES;
				IPHONEOS_DEPLOYMENT_TARGET = 5.0;
				SDKROOT = macosx10.7;
				VALIDATE_PRODUCT = YES;
			};
			name = Release;
		};
		31B1BD59147CA92A00C6B32F /* Debug */ = {
			isa = XCBuildConfiguration;
			baseConfigurationReference = 31B1BD5E147CAAF200C6B32F /* Warnings.xcconfig */;
			buildSettings = {
				DSTROOT = /tmp/libtiming.dst;
				GCC_PRECOMPILE_PREFIX_HEADER = YES;
				GCC_PREFIX_HEADER = "libtiming/libtiming-Prefix.pch";
				OTHER_LDFLAGS = "-ObjC";
				PRODUCT_NAME = timing;
				SKIP_INSTALL = YES;
			};
			name = Debug;
		};
		31B1BD5A147CA92A00C6B32F /* Release */ = {
			isa = XCBuildConfiguration;
			baseConfigurationReference = 31B1BD5E147CAAF200C6B32F /* Warnings.xcconfig */;
			buildSettings = {
				DSTROOT = /tmp/libtiming.dst;
				GCC_PRECOMPILE_PREFIX_HEADER = YES;
				GCC_PREFIX_HEADER = "libtiming/libtiming-Prefix.pch";
				OTHER_LDFLAGS = "-ObjC";
				PRODUCT_NAME = timing;
				SKIP_INSTALL = YES;
			};
			name = Release;
		};
		31B1BD5C147CA92A00C6B32F /* Debug */ = {
			isa = XCBuildConfiguration;
			buildSettings = {
				FRAMEWORK_SEARCH_PATHS = "$(DEVELOPER_LIBRARY_DIR)/Frameworks";
				GCC_PRECOMPILE_PREFIX_HEADER = YES;
				GCC_PREFIX_HEADER = "libtiming/libtiming-Prefix.pch";
				INFOPLIST_FILE = "libtimingTests/libtimingTests-Info.plist";
				PRODUCT_NAME = "$(TARGET_NAME)";
				WRAPPER_EXTENSION = octest;
			};
			name = Debug;
		};
		31B1BD5D147CA92A00C6B32F /* Release */ = {
			isa = XCBuildConfiguration;
			buildSettings = {
				FRAMEWORK_SEARCH_PATHS = "$(DEVELOPER_LIBRARY_DIR)/Frameworks";
				GCC_PRECOMPILE_PREFIX_HEADER = YES;
				GCC_PREFIX_HEADER = "libtiming/libtiming-Prefix.pch";
				INFOPLIST_FILE = "libtimingTests/libtimingTests-Info.plist";
				PRODUCT_NAME = "$(TARGET_NAME)";
				WRAPPER_EXTENSION = octest;
			};
			name = Release;
		};
/* End XCBuildConfiguration section */

/* Begin XCConfigurationList section */
		3109C2DC147DE8190035A276 /* Build configuration list for PBXNativeTarget "mathtiming" */ = {
			isa = XCConfigurationList;
			buildConfigurations = (
				3109C2DA147DE8190035A276 /* Debug */,
				3109C2DB147DE8190035A276 /* Release */,
			);
			defaultConfigurationIsVisible = 0;
		};
		31B1BD2E147CA92A00C6B32F /* Build configuration list for PBXProject "libtiming" */ = {
			isa = XCConfigurationList;
			buildConfigurations = (
				31B1BD56147CA92A00C6B32F /* Debug */,
				31B1BD57147CA92A00C6B32F /* Release */,
			);
			defaultConfigurationIsVisible = 0;
			defaultConfigurationName = Release;
		};
		31B1BD58147CA92A00C6B32F /* Build configuration list for PBXNativeTarget "libtiming" */ = {
			isa = XCConfigurationList;
			buildConfigurations = (
				31B1BD59147CA92A00C6B32F /* Debug */,
				31B1BD5A147CA92A00C6B32F /* Release */,
			);
			defaultConfigurationIsVisible = 0;
			defaultConfigurationName = Release;
		};
		31B1BD5B147CA92A00C6B32F /* Build configuration list for PBXNativeTarget "libtimingTests" */ = {
			isa = XCConfigurationList;
			buildConfigurations = (
				31B1BD5C147CA92A00C6B32F /* Debug */,
				31B1BD5D147CA92A00C6B32F /* Release */,
			);
			defaultConfigurationIsVisible = 0;
			defaultConfigurationName = Release;
		};
/* End XCConfigurationList section */
	};
	rootObject = 31B1BD2B147CA92A00C6B32F /* Project object */;
}
